
Microsoft Visual Studio Solution File, Format Version 12.00
Project("{2150E333-8FDC-42A3-9474-1A3956D46DE8}") = "Services", "Services", "{008D827B-E7DD-46E0-8DE7-C81BCC731D91}"
EndProject
Project("{2150E333-8FDC-42A3-9474-1A3956D46DE8}") = "Catalog", "Catalog", "{83DD8D0C-D1F2-49F7-ACA3-28B51D6FB91E}"
EndProject
Project("{FAE04EC0-301F-11D3-BF4B-00C04F79EFBC}") = "Catalog.API", "Services\Catalog\Catalog.API\Catalog.API.csproj", "{947CFF5E-A4FE-45F3-8070-7024540F02D0}"
EndProject
Project("{2150E333-8FDC-42A3-9474-1A3956D46DE8}") = "BuildingBlocks", "BuildingBlocks", "{8ADB640F-3BBA-4909-BBB2-D7AAABDD30CD}"
EndProject
Project("{FAE04EC0-301F-11D3-BF4B-00C04F79EFBC}") = "BuildingBlocks", "BuildingBlocks\BuildingBlocks\BuildingBlocks.csproj", "{4106AA9E-03AB-47B6-8CE1-3BDAD36603CC}"
EndProject
Project("{2150E333-8FDC-42A3-9474-1A3956D46DE8}") = "Solution Items", "Solution Items", "{545E116F-808D-4996-87A7-7167C751911B}"
	ProjectSection(SolutionItems) = preProject
		compose.yaml = compose.yaml
	EndProjectSection
EndProject
Project("{2150E333-8FDC-42A3-9474-1A3956D46DE8}") = "Basket", "Basket", "{2C2080BA-8496-4643-ACA3-221B759B204C}"
EndProject
Project("{FAE04EC0-301F-11D3-BF4B-00C04F79EFBC}") = "Basket.API", "Services\Basket\Basket.API\Basket.API.csproj", "{1DD67C3F-88CC-4A79-A663-EA8FCEB15E0E}"
EndProject
Project("{2150E333-8FDC-42A3-9474-1A3956D46DE8}") = "Discount", "Discount", "{13A9990A-C224-450B-9CA5-1ACEDCC170F7}"
EndProject
Project("{FAE04EC0-301F-11D3-BF4B-00C04F79EFBC}") = "Discount.Grpc", "Services\Discount\Discount.Grpc\Discount.Grpc.csproj", "{E02BAE8A-ACC0-41E6-AF5E-42DF44E0B1BE}"
EndProject
Project("{2150E333-8FDC-42A3-9474-1A3956D46DE8}") = "Ordering", "Ordering", "{08716FF2-3166-4F7C-99D5-6A6916FA169B}"
EndProject
Project("{FAE04EC0-301F-11D3-BF4B-00C04F79EFBC}") = "Ordering.API", "Services\Ordering\Ordering.API\Ordering.API.csproj", "{C4CC11C9-1B2B-451D-BD40-07F13385EA55}"
EndProject
Project("{FAE04EC0-301F-11D3-BF4B-00C04F79EFBC}") = "Ordering.Domain", "Services\Ordering\Ordering.Domain\Ordering.Domain.csproj", "{F10F78CA-DADA-4534-8703-E1A4C03C5CA5}"
EndProject
Project("{FAE04EC0-301F-11D3-BF4B-00C04F79EFBC}") = "Ordering.Application", "Services\Ordering\Ordering.Application\Ordering.Application.csproj", "{343BE6A8-A601-45B3-99BD-1C7E6D1FDA8F}"
EndProject
Project("{FAE04EC0-301F-11D3-BF4B-00C04F79EFBC}") = "Ordering.Infrastructure", "Services\Ordering\Ordering.Infrastructure\Ordering.Infrastructure.csproj", "{FFE55C0C-8201-4F43-8755-EC1F34580D55}"
EndProject
Global
	GlobalSection(SolutionConfigurationPlatforms) = preSolution
		Debug|Any CPU = Debug|Any CPU
		Release|Any CPU = Release|Any CPU
	EndGlobalSection
	GlobalSection(NestedProjects) = preSolution
		{83DD8D0C-D1F2-49F7-ACA3-28B51D6FB91E} = {008D827B-E7DD-46E0-8DE7-C81BCC731D91}
		{947CFF5E-A4FE-45F3-8070-7024540F02D0} = {83DD8D0C-D1F2-49F7-ACA3-28B51D6FB91E}
		{4106AA9E-03AB-47B6-8CE1-3BDAD36603CC} = {8ADB640F-3BBA-4909-BBB2-D7AAABDD30CD}
		{2C2080BA-8496-4643-ACA3-221B759B204C} = {008D827B-E7DD-46E0-8DE7-C81BCC731D91}
		{1DD67C3F-88CC-4A79-A663-EA8FCEB15E0E} = {2C2080BA-8496-4643-ACA3-221B759B204C}
		{13A9990A-C224-450B-9CA5-1ACEDCC170F7} = {008D827B-E7DD-46E0-8DE7-C81BCC731D91}
		{E02BAE8A-ACC0-41E6-AF5E-42DF44E0B1BE} = {13A9990A-C224-450B-9CA5-1ACEDCC170F7}
		{08716FF2-3166-4F7C-99D5-6A6916FA169B} = {008D827B-E7DD-46E0-8DE7-C81BCC731D91}
		{C4CC11C9-1B2B-451D-BD40-07F13385EA55} = {08716FF2-3166-4F7C-99D5-6A6916FA169B}
		{F10F78CA-DADA-4534-8703-E1A4C03C5CA5} = {08716FF2-3166-4F7C-99D5-6A6916FA169B}
		{343BE6A8-A601-45B3-99BD-1C7E6D1FDA8F} = {08716FF2-3166-4F7C-99D5-6A6916FA169B}
		{FFE55C0C-8201-4F43-8755-EC1F34580D55} = {08716FF2-3166-4F7C-99D5-6A6916FA169B}
	EndGlobalSection
	GlobalSection(ProjectConfigurationPlatforms) = postSolution
		{947CFF5E-A4FE-45F3-8070-7024540F02D0}.Debug|Any CPU.ActiveCfg = Debug|Any CPU
		{947CFF5E-A4FE-45F3-8070-7024540F02D0}.Debug|Any CPU.Build.0 = Debug|Any CPU
		{947CFF5E-A4FE-45F3-8070-7024540F02D0}.Release|Any CPU.ActiveCfg = Release|Any CPU
		{947CFF5E-A4FE-45F3-8070-7024540F02D0}.Release|Any CPU.Build.0 = Release|Any CPU
		{947CFF5E-A4FE-45F3-8070-7024540F02D0}.Debug|Any CPU.Deploy.0 = Debug|Any CPU
		{4106AA9E-03AB-47B6-8CE1-3BDAD36603CC}.Debug|Any CPU.ActiveCfg = Debug|Any CPU
		{4106AA9E-03AB-47B6-8CE1-3BDAD36603CC}.Release|Any CPU.ActiveCfg = Release|Any CPU
		{4106AA9E-03AB-47B6-8CE1-3BDAD36603CC}.Release|Any CPU.Build.0 = Release|Any CPU
		{1DD67C3F-88CC-4A79-A663-EA8FCEB15E0E}.Debug|Any CPU.ActiveCfg = Debug|Any CPU
		{1DD67C3F-88CC-4A79-A663-EA8FCEB15E0E}.Debug|Any CPU.Build.0 = Debug|Any CPU
		{1DD67C3F-88CC-4A79-A663-EA8FCEB15E0E}.Release|Any CPU.ActiveCfg = Release|Any CPU
		{1DD67C3F-88CC-4A79-A663-EA8FCEB15E0E}.Release|Any CPU.Build.0 = Release|Any CPU
		{E02BAE8A-ACC0-41E6-AF5E-42DF44E0B1BE}.Debug|Any CPU.ActiveCfg = Debug|Any CPU
		{E02BAE8A-ACC0-41E6-AF5E-42DF44E0B1BE}.Debug|Any CPU.Build.0 = Debug|Any CPU
		{E02BAE8A-ACC0-41E6-AF5E-42DF44E0B1BE}.Release|Any CPU.ActiveCfg = Release|Any CPU
		{E02BAE8A-ACC0-41E6-AF5E-42DF44E0B1BE}.Release|Any CPU.Build.0 = Release|Any CPU
		{C4CC11C9-1B2B-451D-BD40-07F13385EA55}.Debug|Any CPU.ActiveCfg = Debug|Any CPU
		{C4CC11C9-1B2B-451D-BD40-07F13385EA55}.Debug|Any CPU.Build.0 = Debug|Any CPU
		{C4CC11C9-1B2B-451D-BD40-07F13385EA55}.Release|Any CPU.ActiveCfg = Release|Any CPU
		{C4CC11C9-1B2B-451D-BD40-07F13385EA55}.Release|Any CPU.Build.0 = Release|Any CPU
		{F10F78CA-DADA-4534-8703-E1A4C03C5CA5}.Debug|Any CPU.ActiveCfg = Debug|Any CPU
		{F10F78CA-DADA-4534-8703-E1A4C03C5CA5}.Debug|Any CPU.Build.0 = Debug|Any CPU
		{F10F78CA-DADA-4534-8703-E1A4C03C5CA5}.Release|Any CPU.ActiveCfg = Release|Any CPU
		{F10F78CA-DADA-4534-8703-E1A4C03C5CA5}.Release|Any CPU.Build.0 = Release|Any CPU
		{343BE6A8-A601-45B3-99BD-1C7E6D1FDA8F}.Debug|Any CPU.ActiveCfg = Debug|Any CPU
		{343BE6A8-A601-45B3-99BD-1C7E6D1FDA8F}.Debug|Any CPU.Build.0 = Debug|Any CPU
		{343BE6A8-A601-45B3-99BD-1C7E6D1FDA8F}.Release|Any CPU.ActiveCfg = Release|Any CPU
		{343BE6A8-A601-45B3-99BD-1C7E6D1FDA8F}.Release|Any CPU.Build.0 = Release|Any CPU
		{FFE55C0C-8201-4F43-8755-EC1F34580D55}.Debug|Any CPU.ActiveCfg = Debug|Any CPU
		{FFE55C0C-8201-4F43-8755-EC1F34580D55}.Debug|Any CPU.Build.0 = Debug|Any CPU
		{FFE55C0C-8201-4F43-8755-EC1F34580D55}.Release|Any CPU.ActiveCfg = Release|Any CPU
		{FFE55C0C-8201-4F43-8755-EC1F34580D55}.Release|Any CPU.Build.0 = Release|Any CPU
	EndGlobalSection
EndGlobal
